
Microsoft Visual Studio Solution File, Format Version 12.00
# Visual Studio 15
VisualStudioVersion = 15.0.26228.12
MinimumVisualStudioVersion = 10.0.40219.1
Project("{FAE04EC0-301F-11D3-BF4B-00C04F79EFBC}") = "Courses_v2", "Courses_v2\Courses_v2.csproj", "{48CDD022-9CA3-4F12-AC14-88FD2754835C}"
	ProjectSection(ProjectDependencies) = postProject
		{985BCC50-AD59-486A-955B-A93DA837C734} = {985BCC50-AD59-486A-955B-A93DA837C734}
	EndProjectSection
EndProject
Project("{FAE04EC0-301F-11D3-BF4B-00C04F79EFBC}") = "Data", "Data\Data.csproj", "{985BCC50-AD59-486A-955B-A93DA837C734}"
EndProject
Project("{FAE04EC0-301F-11D3-BF4B-00C04F79EFBC}") = "Core", "Core\Core.csproj", "{A8961B61-C76E-4E55-AAD5-D3DB1F5DEB58}"
EndProject
Project("{FAE04EC0-301F-11D3-BF4B-00C04F79EFBC}") = "LightCaseClient", "LightCaseClient\LightCaseClient.csproj", "{C491C1EE-B395-47A2-B789-07990A7857AA}"
EndProject
Global
	GlobalSection(SolutionConfigurationPlatforms) = preSolution
		Debug|Any CPU = Debug|Any CPU
		Release|Any CPU = Release|Any CPU
	EndGlobalSection
	GlobalSection(ProjectConfigurationPlatforms) = postSolution
		{48CDD022-9CA3-4F12-AC14-88FD2754835C}.Debug|Any CPU.ActiveCfg = Debug|Any CPU
		{48CDD022-9CA3-4F12-AC14-88FD2754835C}.Debug|Any CPU.Build.0 = Debug|Any CPU
		{48CDD022-9CA3-4F12-AC14-88FD2754835C}.Release|Any CPU.ActiveCfg = Release|Any CPU
		{48CDD022-9CA3-4F12-AC14-88FD2754835C}.Release|Any CPU.Build.0 = Release|Any CPU
		{985BCC50-AD59-486A-955B-A93DA837C734}.Debug|Any CPU.ActiveCfg = Debug|Any CPU
		{985BCC50-AD59-486A-955B-A93DA837C734}.Debug|Any CPU.Build.0 = Debug|Any CPU
		{985BCC50-AD59-486A-955B-A93DA837C734}.Release|Any CPU.ActiveCfg = Release|Any CPU
		{985BCC50-AD59-486A-955B-A93DA837C734}.Release|Any CPU.Build.0 = Release|Any CPU
		{A8961B61-C76E-4E55-AAD5-D3DB1F5DEB58}.Debug|Any CPU.ActiveCfg = Debug|Any CPU
		{A8961B61-C76E-4E55-AAD5-D3DB1F5DEB58}.Debug|Any CPU.Build.0 = Debug|Any CPU
		{A8961B61-C76E-4E55-AAD5-D3DB1F5DEB58}.Release|Any CPU.ActiveCfg = Release|Any CPU
		{A8961B61-C76E-4E55-AAD5-D3DB1F5DEB58}.Release|Any CPU.Build.0 = Release|Any CPU
		{C491C1EE-B395-47A2-B789-07990A7857AA}.Debug|Any CPU.ActiveCfg = Debug|Any CPU
		{C491C1EE-B395-47A2-B789-07990A7857AA}.Debug|Any CPU.Build.0 = Debug|Any CPU
		{C491C1EE-B395-47A2-B789-07990A7857AA}.Release|Any CPU.ActiveCfg = Release|Any CPU
		{C491C1EE-B395-47A2-B789-07990A7857AA}.Release|Any CPU.Build.0 = Release|Any CPU
	EndGlobalSection
	GlobalSection(SolutionProperties) = preSolution
		HideSolutionNode = FALSE
	EndGlobalSection
EndGlobal
